<?xml version="1.0" encoding="UTF-8" standalone="yes" ?>
<CodeBlocks_project_file>
	<FileVersion major="1" minor="6" />
	<Project>
		<Option title="QMSat" />
		<Option platforms="Windows;" />
		<Option pch_mode="2" />
		<Option compiler="gcc" />
		<Build>
			<Target title="Debug">
				<Option output="bin/Debug/QMSat" prefix_auto="1" extension_auto="1" />
				<Option object_output="obj/Debug/" />
				<Option type="1" />
				<Option compiler="gcc" />
				<Compiler>
					<Add option="-g" />
					<Add directory="../BDD/fw-cxxtest" />
					<Add directory="../../../../SiliconLabs/SimplicityStudio/v4/developer/sdks/gecko_sdk_suite/v2.1/platform/Device/SiliconLabs/EFM32GG/Include" />
				</Compiler>
			</Target>
			<Target title="Release">
				<Option output="bin/Release/QMSat" prefix_auto="1" extension_auto="1" />
				<Option object_output="obj/Release/" />
				<Option type="1" />
				<Option compiler="gcc" />
				<Compiler>
					<Add option="-O2" />
				</Compiler>
				<Linker>
					<Add option="-s" />
				</Linker>
			</Target>
		</Build>
		<Compiler>
			<Add option="-Wall" />
			<Add directory="../BDD/fw-cxxtest" />
			<Add directory="Include/Peripherals" />
			<Add directory="Include/Interface" />
			<Add directory="../BDD/fw-cxxtest/cxxtest" />
			<Add directory="Include/Application" />
			<Add directory="Tests/Steps/Peripherals" />
			<Add directory="Include/EFM32" />
			<Add directory="Tests/Steps/Mocks" />
			<Add directory="Factory" />
			<Add directory="../QMSat-Satellite" />
			<Add directory="../../../../SiliconLabs/SimplicityStudio/v4/developer/sdks/gecko_sdk_suite/v2.1/platform/Device/SiliconLabs/EFM32GG/Include" />
			<Add directory="../../../../SiliconLabs/SimplicityStudio/v4/developer/sdks/gecko_sdk_suite/v2.1/platform/CMSIS/Include" />
		</Compiler>
		<ExtraCommands>
			<Add before="TestGeneration.bat" />
		</ExtraCommands>
		<Unit filename="../BDD/fw-cxxtest/cxxtest/Descriptions.cpp" />
		<Unit filename="../BDD/fw-cxxtest/cxxtest/Descriptions.h" />
		<Unit filename="../BDD/fw-cxxtest/cxxtest/DummyDescriptions.cpp" />
		<Unit filename="../BDD/fw-cxxtest/cxxtest/DummyDescriptions.h" />
		<Unit filename="../BDD/fw-cxxtest/cxxtest/ErrorFormatter.h" />
		<Unit filename="../BDD/fw-cxxtest/cxxtest/Flags.h" />
		<Unit filename="../BDD/fw-cxxtest/cxxtest/LinkedList.cpp" />
		<Unit filename="../BDD/fw-cxxtest/cxxtest/LinkedList.h" />
		<Unit filename="../BDD/fw-cxxtest/cxxtest/RealDescriptions.cpp" />
		<Unit filename="../BDD/fw-cxxtest/cxxtest/RealDescriptions.h" />
		<Unit filename="../BDD/fw-cxxtest/cxxtest/Root.cpp" />
		<Unit filename="../BDD/fw-cxxtest/cxxtest/TestListener.h" />
		<Unit filename="../BDD/fw-cxxtest/cxxtest/TestMain.h" />
		<Unit filename="../BDD/fw-cxxtest/cxxtest/TestRunner.h" />
		<Unit filename="../BDD/fw-cxxtest/cxxtest/TestSuite.cpp" />
		<Unit filename="../BDD/fw-cxxtest/cxxtest/TestSuite.h" />
		<Unit filename="../BDD/fw-cxxtest/cxxtest/TestTracker.cpp" />
		<Unit filename="../BDD/fw-cxxtest/cxxtest/TestTracker.h" />
		<Unit filename="Factory/Constants.hpp" />
		<Unit filename="Include/Application/InitState.hpp" />
		<Unit filename="Include/Application/RunState.hpp" />
		<Unit filename="Include/Application/StateManager.hpp" />
		<Unit filename="Include/EFM32/EFM32_GPIO.hpp" />
		<Unit filename="Include/EFM32/EFM32_Timer0.hpp" />
		<Unit filename="Include/Interface/ILED.hpp" />
		<Unit filename="Include/Interface/IState.hpp" />
		<Unit filename="Include/Interface/ITimer.hpp" />
		<Unit filename="Include/Peripherals/LED.hpp" />
		<Unit filename="Source/Application/InitState.cpp" />
		<Unit filename="Source/Application/RunState.cpp" />
		<Unit filename="Source/Application/StateManager.cpp" />
		<Unit filename="Source/EFM32/EFM32_GPIO.cpp" />
		<Unit filename="Source/Peripherals/LED.cpp" />
		<Unit filename="Tests/Steps/Mocks/GPIO-mock.hpp" />
		<Unit filename="Tests/Steps/Peripherals/GPIO-evaluator.cpp" />
		<Unit filename="Tests/Steps/Peripherals/GPIO-evaluator.hpp" />
		<Unit filename="Tests/Steps/Peripherals/LED-evaluator.cpp" />
		<Unit filename="Tests/Steps/Peripherals/LED-evaluator.hpp" />
		<Unit filename="Tests/Test.h" />
		<Unit filename="Tests/runner.cpp" />
		<Extensions>
			<code_completion />
			<envvars />
			<debugger />
		</Extensions>
	</Project>
</CodeBlocks_project_file>
