
Microsoft Visual Studio Solution File, Format Version 12.00
# Visual Studio 15
VisualStudioVersion = 15.0.27130.2027
MinimumVisualStudioVersion = 10.0.40219.1
Project("{8BC9CEB8-8B4A-11D0-8D11-00A0C91BC942}") = "QMSat_Max", "QMSat_Max.vcxproj", "{C3B2DDDE-E6BB-40C0-9B16-0124E6C61A2E}"
EndProject
Global
	GlobalSection(SolutionConfigurationPlatforms) = preSolution
		Debug|ARM = Debug|ARM
		Debug|x64 = Debug|x64
		Debug|x86 = Debug|x86
		Release|ARM = Release|ARM
		Release|x64 = Release|x64
		Release|x86 = Release|x86
	EndGlobalSection
	GlobalSection(ProjectConfigurationPlatforms) = postSolution
		{C3B2DDDE-E6BB-40C0-9B16-0124E6C61A2E}.Debug|ARM.ActiveCfg = Debug|ARM
		{C3B2DDDE-E6BB-40C0-9B16-0124E6C61A2E}.Debug|ARM.Build.0 = Debug|ARM
		{C3B2DDDE-E6BB-40C0-9B16-0124E6C61A2E}.Debug|x64.ActiveCfg = Debug|x64
		{C3B2DDDE-E6BB-40C0-9B16-0124E6C61A2E}.Debug|x64.Build.0 = Debug|x64
		{C3B2DDDE-E6BB-40C0-9B16-0124E6C61A2E}.Debug|x86.ActiveCfg = Debug|Win32
		{C3B2DDDE-E6BB-40C0-9B16-0124E6C61A2E}.Debug|x86.Build.0 = Debug|Win32
		{C3B2DDDE-E6BB-40C0-9B16-0124E6C61A2E}.Release|ARM.ActiveCfg = Release|ARM
		{C3B2DDDE-E6BB-40C0-9B16-0124E6C61A2E}.Release|ARM.Build.0 = Release|ARM
		{C3B2DDDE-E6BB-40C0-9B16-0124E6C61A2E}.Release|x64.ActiveCfg = Release|x64
		{C3B2DDDE-E6BB-40C0-9B16-0124E6C61A2E}.Release|x64.Build.0 = Release|x64
		{C3B2DDDE-E6BB-40C0-9B16-0124E6C61A2E}.Release|x86.ActiveCfg = Release|Win32
		{C3B2DDDE-E6BB-40C0-9B16-0124E6C61A2E}.Release|x86.Build.0 = Release|Win32
	EndGlobalSection
	GlobalSection(SolutionProperties) = preSolution
		HideSolutionNode = FALSE
	EndGlobalSection
	GlobalSection(ExtensibilityGlobals) = postSolution
		SolutionGuid = {51921B5D-8DEF-4E3B-ABCA-AF52B4B408B8}
	EndGlobalSection
EndGlobal
